
Microsoft Visual Studio Solution File, Format Version 12.00
# Visual Studio Version 16
VisualStudioVersion = 16.0.30011.22
MinimumVisualStudioVersion = 15.0.26124.0
Project("{2150E333-8FDC-42A3-9474-1A3956D46DE8}") = "src", "src", "{F21F191F-15EF-4E15-83AE-3BA39291CC9B}"
EndProject
Project("{2150E333-8FDC-42A3-9474-1A3956D46DE8}") = "test", "test", "{CB9916F7-8FF4-4EE7-803A-F0B52B34C6CD}"
EndProject
Project("{FAE04EC0-301F-11D3-BF4B-00C04F79EFBC}") = "SqliteNetNoSuchTable", "src\SqliteNetNoSuchTable\SqliteNetNoSuchTable.csproj", "{0AB20994-A222-4CC6-AE60-27241E1B230E}"
EndProject
Project("{FAE04EC0-301F-11D3-BF4B-00C04F79EFBC}") = "SqliteNetNoSuchTable.IntegrationTests", "test\SqliteNetNoSuchTable.IntegrationTests\SqliteNetNoSuchTable.IntegrationTests.csproj", "{9C4D065D-275A-437F-B288-2E79F350F83B}"
EndProject
Global
	GlobalSection(SolutionConfigurationPlatforms) = preSolution
		Debug|Any CPU = Debug|Any CPU
		Debug|x64 = Debug|x64
		Debug|x86 = Debug|x86
		Release|Any CPU = Release|Any CPU
		Release|x64 = Release|x64
		Release|x86 = Release|x86
	EndGlobalSection
	GlobalSection(ProjectConfigurationPlatforms) = postSolution
		{0AB20994-A222-4CC6-AE60-27241E1B230E}.Debug|Any CPU.ActiveCfg = Debug|Any CPU
		{0AB20994-A222-4CC6-AE60-27241E1B230E}.Debug|Any CPU.Build.0 = Debug|Any CPU
		{0AB20994-A222-4CC6-AE60-27241E1B230E}.Debug|x64.ActiveCfg = Debug|Any CPU
		{0AB20994-A222-4CC6-AE60-27241E1B230E}.Debug|x64.Build.0 = Debug|Any CPU
		{0AB20994-A222-4CC6-AE60-27241E1B230E}.Debug|x86.ActiveCfg = Debug|Any CPU
		{0AB20994-A222-4CC6-AE60-27241E1B230E}.Debug|x86.Build.0 = Debug|Any CPU
		{0AB20994-A222-4CC6-AE60-27241E1B230E}.Release|Any CPU.ActiveCfg = Release|Any CPU
		{0AB20994-A222-4CC6-AE60-27241E1B230E}.Release|Any CPU.Build.0 = Release|Any CPU
		{0AB20994-A222-4CC6-AE60-27241E1B230E}.Release|x64.ActiveCfg = Release|Any CPU
		{0AB20994-A222-4CC6-AE60-27241E1B230E}.Release|x64.Build.0 = Release|Any CPU
		{0AB20994-A222-4CC6-AE60-27241E1B230E}.Release|x86.ActiveCfg = Release|Any CPU
		{0AB20994-A222-4CC6-AE60-27241E1B230E}.Release|x86.Build.0 = Release|Any CPU
		{9C4D065D-275A-437F-B288-2E79F350F83B}.Debug|Any CPU.ActiveCfg = Debug|Any CPU
		{9C4D065D-275A-437F-B288-2E79F350F83B}.Debug|Any CPU.Build.0 = Debug|Any CPU
		{9C4D065D-275A-437F-B288-2E79F350F83B}.Debug|x64.ActiveCfg = Debug|Any CPU
		{9C4D065D-275A-437F-B288-2E79F350F83B}.Debug|x64.Build.0 = Debug|Any CPU
		{9C4D065D-275A-437F-B288-2E79F350F83B}.Debug|x86.ActiveCfg = Debug|Any CPU
		{9C4D065D-275A-437F-B288-2E79F350F83B}.Debug|x86.Build.0 = Debug|Any CPU
		{9C4D065D-275A-437F-B288-2E79F350F83B}.Release|Any CPU.ActiveCfg = Release|Any CPU
		{9C4D065D-275A-437F-B288-2E79F350F83B}.Release|Any CPU.Build.0 = Release|Any CPU
		{9C4D065D-275A-437F-B288-2E79F350F83B}.Release|x64.ActiveCfg = Release|Any CPU
		{9C4D065D-275A-437F-B288-2E79F350F83B}.Release|x64.Build.0 = Release|Any CPU
		{9C4D065D-275A-437F-B288-2E79F350F83B}.Release|x86.ActiveCfg = Release|Any CPU
		{9C4D065D-275A-437F-B288-2E79F350F83B}.Release|x86.Build.0 = Release|Any CPU
	EndGlobalSection
	GlobalSection(SolutionProperties) = preSolution
		HideSolutionNode = FALSE
	EndGlobalSection
	GlobalSection(NestedProjects) = preSolution
		{0AB20994-A222-4CC6-AE60-27241E1B230E} = {F21F191F-15EF-4E15-83AE-3BA39291CC9B}
		{9C4D065D-275A-437F-B288-2E79F350F83B} = {CB9916F7-8FF4-4EE7-803A-F0B52B34C6CD}
	EndGlobalSection
	GlobalSection(ExtensibilityGlobals) = postSolution
		SolutionGuid = {2E8DEF88-8E3A-4E92-9028-7B469FE2A961}
	EndGlobalSection
EndGlobal
